
Microsoft Visual Studio Solution File, Format Version 12.00
# Visual Studio Version 17
VisualStudioVersion = 17.0.31903.59
MinimumVisualStudioVersion = 10.0.40219.1
Project("{2150E333-8FDC-42A3-9474-1A3956D46DE8}") = "src", "src", "{00696FA1-EA32-4A4D-BD74-B5AFB001729C}"
EndProject
Project("{2150E333-8FDC-42A3-9474-1A3956D46DE8}") = "Core", "Core", "{A570DBFC-13BD-443D-998E-5A943AAD6D56}"
EndProject
Project("{9A19103F-16F7-4668-BE54-9A1E7A4F7556}") = "EdiplanDotnetAPI.Domain", "EdiplanDotnetAPI.Domain\EdiplanDotnetAPI.Domain.csproj", "{96439387-8EAD-4453-9D5F-1E1543E00C09}"
EndProject
Project("{2150E333-8FDC-42A3-9474-1A3956D46DE8}") = "test", "test", "{5095D3E3-B1DA-46BC-834E-7B595A2E8DC6}"
EndProject
Project("{2150E333-8FDC-42A3-9474-1A3956D46DE8}") = "API", "API", "{B143E29F-6962-4CFD-9572-DD14D404F71D}"
EndProject
Project("{2150E333-8FDC-42A3-9474-1A3956D46DE8}") = "Infrastructure", "Infrastructure", "{B102DAAA-95F3-43A0-977C-7B14BED479C5}"
EndProject
Project("{2150E333-8FDC-42A3-9474-1A3956D46DE8}") = "Client", "Client", "{7237BADB-A98C-46E4-9222-5D29E0480324}"
EndProject
Project("{9A19103F-16F7-4668-BE54-9A1E7A4F7556}") = "EdiplanDotnetAPI.Application", "EdiplanDotnetAPI.Application\EdiplanDotnetAPI.Application.csproj", "{97F053B9-71CE-4F9B-A069-155C68462822}"
EndProject
Project("{9A19103F-16F7-4668-BE54-9A1E7A4F7556}") = "EdiplanDotnetAPI.Persistence", "EdiplanDotnetAPI.Persistence\EdiplanDotnetAPI.Persistence.csproj", "{CCC663A2-8B9A-45C9-ADF8-AEDB6B32F6BA}"
EndProject
Project("{9A19103F-16F7-4668-BE54-9A1E7A4F7556}") = "EdiplanDotnetAPI.Infrastructure", "EdiplanDotnetAPI.Infrastructure\EdiplanDotnetAPI.Infrastructure.csproj", "{8BDCEE76-7133-4950-B447-972DB62423AD}"
EndProject
Project("{9A19103F-16F7-4668-BE54-9A1E7A4F7556}") = "EdiplanDotnetAPI.Api", "EdiplanDotnetAPI.Api\EdiplanDotnetAPI.Api.csproj", "{CAA2E12C-03FC-4F1F-92BA-84E3CEECD09C}"
EndProject
Project("{9A19103F-16F7-4668-BE54-9A1E7A4F7556}") = "Application.UnitTests", "Application.UnitTests\Application.UnitTests.csproj", "{1CA29524-B460-4379-8724-26BA81CF309F}"
EndProject
Project("{9A19103F-16F7-4668-BE54-9A1E7A4F7556}") = "Persistence.IntegrationTests", "Persistence.IntegrationTests\Persistence.IntegrationTests.csproj", "{685F8899-0465-4B19-B8CE-DA727C87E45B}"
EndProject
Project("{9A19103F-16F7-4668-BE54-9A1E7A4F7556}") = "API.IntegrationTests", "API.IntegrationTests\API.IntegrationTests.csproj", "{9D82DDED-F707-4C10-B0D2-D6A3A20C32CA}"
EndProject
Project("{FAE04EC0-301F-11D3-BF4B-00C04F79EFBC}") = "EdiplanDotnetAPI.Identity", "EdiplanDotnetAPI.Identity\EdiplanDotnetAPI.Identity.csproj", "{8E2F5B4E-B01B-4478-87BC-150B6574ADD5}"
EndProject
Global
	GlobalSection(SolutionConfigurationPlatforms) = preSolution
		Debug|Any CPU = Debug|Any CPU
		Release|Any CPU = Release|Any CPU
	EndGlobalSection
	GlobalSection(ProjectConfigurationPlatforms) = postSolution
		{96439387-8EAD-4453-9D5F-1E1543E00C09}.Debug|Any CPU.ActiveCfg = Debug|Any CPU
		{96439387-8EAD-4453-9D5F-1E1543E00C09}.Debug|Any CPU.Build.0 = Debug|Any CPU
		{96439387-8EAD-4453-9D5F-1E1543E00C09}.Release|Any CPU.ActiveCfg = Release|Any CPU
		{96439387-8EAD-4453-9D5F-1E1543E00C09}.Release|Any CPU.Build.0 = Release|Any CPU
		{97F053B9-71CE-4F9B-A069-155C68462822}.Debug|Any CPU.ActiveCfg = Debug|Any CPU
		{97F053B9-71CE-4F9B-A069-155C68462822}.Debug|Any CPU.Build.0 = Debug|Any CPU
		{97F053B9-71CE-4F9B-A069-155C68462822}.Release|Any CPU.ActiveCfg = Release|Any CPU
		{97F053B9-71CE-4F9B-A069-155C68462822}.Release|Any CPU.Build.0 = Release|Any CPU
		{CCC663A2-8B9A-45C9-ADF8-AEDB6B32F6BA}.Debug|Any CPU.ActiveCfg = Debug|Any CPU
		{CCC663A2-8B9A-45C9-ADF8-AEDB6B32F6BA}.Debug|Any CPU.Build.0 = Debug|Any CPU
		{CCC663A2-8B9A-45C9-ADF8-AEDB6B32F6BA}.Release|Any CPU.ActiveCfg = Release|Any CPU
		{CCC663A2-8B9A-45C9-ADF8-AEDB6B32F6BA}.Release|Any CPU.Build.0 = Release|Any CPU
		{8BDCEE76-7133-4950-B447-972DB62423AD}.Debug|Any CPU.ActiveCfg = Debug|Any CPU
		{8BDCEE76-7133-4950-B447-972DB62423AD}.Debug|Any CPU.Build.0 = Debug|Any CPU
		{8BDCEE76-7133-4950-B447-972DB62423AD}.Release|Any CPU.ActiveCfg = Release|Any CPU
		{8BDCEE76-7133-4950-B447-972DB62423AD}.Release|Any CPU.Build.0 = Release|Any CPU
		{CAA2E12C-03FC-4F1F-92BA-84E3CEECD09C}.Debug|Any CPU.ActiveCfg = Debug|Any CPU
		{CAA2E12C-03FC-4F1F-92BA-84E3CEECD09C}.Debug|Any CPU.Build.0 = Debug|Any CPU
		{CAA2E12C-03FC-4F1F-92BA-84E3CEECD09C}.Release|Any CPU.ActiveCfg = Release|Any CPU
		{CAA2E12C-03FC-4F1F-92BA-84E3CEECD09C}.Release|Any CPU.Build.0 = Release|Any CPU
		{1CA29524-B460-4379-8724-26BA81CF309F}.Debug|Any CPU.ActiveCfg = Debug|Any CPU
		{1CA29524-B460-4379-8724-26BA81CF309F}.Debug|Any CPU.Build.0 = Debug|Any CPU
		{1CA29524-B460-4379-8724-26BA81CF309F}.Release|Any CPU.ActiveCfg = Release|Any CPU
		{1CA29524-B460-4379-8724-26BA81CF309F}.Release|Any CPU.Build.0 = Release|Any CPU
		{685F8899-0465-4B19-B8CE-DA727C87E45B}.Debug|Any CPU.ActiveCfg = Debug|Any CPU
		{685F8899-0465-4B19-B8CE-DA727C87E45B}.Debug|Any CPU.Build.0 = Debug|Any CPU
		{685F8899-0465-4B19-B8CE-DA727C87E45B}.Release|Any CPU.ActiveCfg = Release|Any CPU
		{685F8899-0465-4B19-B8CE-DA727C87E45B}.Release|Any CPU.Build.0 = Release|Any CPU
		{9D82DDED-F707-4C10-B0D2-D6A3A20C32CA}.Debug|Any CPU.ActiveCfg = Debug|Any CPU
		{9D82DDED-F707-4C10-B0D2-D6A3A20C32CA}.Debug|Any CPU.Build.0 = Debug|Any CPU
		{9D82DDED-F707-4C10-B0D2-D6A3A20C32CA}.Release|Any CPU.ActiveCfg = Release|Any CPU
		{9D82DDED-F707-4C10-B0D2-D6A3A20C32CA}.Release|Any CPU.Build.0 = Release|Any CPU
		{8E2F5B4E-B01B-4478-87BC-150B6574ADD5}.Debug|Any CPU.ActiveCfg = Debug|Any CPU
		{8E2F5B4E-B01B-4478-87BC-150B6574ADD5}.Debug|Any CPU.Build.0 = Debug|Any CPU
		{8E2F5B4E-B01B-4478-87BC-150B6574ADD5}.Release|Any CPU.ActiveCfg = Release|Any CPU
		{8E2F5B4E-B01B-4478-87BC-150B6574ADD5}.Release|Any CPU.Build.0 = Release|Any CPU
	EndGlobalSection
	GlobalSection(SolutionProperties) = preSolution
		HideSolutionNode = FALSE
	EndGlobalSection
	GlobalSection(NestedProjects) = preSolution
		{A570DBFC-13BD-443D-998E-5A943AAD6D56} = {00696FA1-EA32-4A4D-BD74-B5AFB001729C}
		{96439387-8EAD-4453-9D5F-1E1543E00C09} = {A570DBFC-13BD-443D-998E-5A943AAD6D56}
		{B143E29F-6962-4CFD-9572-DD14D404F71D} = {00696FA1-EA32-4A4D-BD74-B5AFB001729C}
		{B102DAAA-95F3-43A0-977C-7B14BED479C5} = {00696FA1-EA32-4A4D-BD74-B5AFB001729C}
		{7237BADB-A98C-46E4-9222-5D29E0480324} = {00696FA1-EA32-4A4D-BD74-B5AFB001729C}
		{97F053B9-71CE-4F9B-A069-155C68462822} = {A570DBFC-13BD-443D-998E-5A943AAD6D56}
		{CCC663A2-8B9A-45C9-ADF8-AEDB6B32F6BA} = {B102DAAA-95F3-43A0-977C-7B14BED479C5}
		{8BDCEE76-7133-4950-B447-972DB62423AD} = {B102DAAA-95F3-43A0-977C-7B14BED479C5}
		{CAA2E12C-03FC-4F1F-92BA-84E3CEECD09C} = {B143E29F-6962-4CFD-9572-DD14D404F71D}
		{1CA29524-B460-4379-8724-26BA81CF309F} = {5095D3E3-B1DA-46BC-834E-7B595A2E8DC6}
		{685F8899-0465-4B19-B8CE-DA727C87E45B} = {5095D3E3-B1DA-46BC-834E-7B595A2E8DC6}
		{9D82DDED-F707-4C10-B0D2-D6A3A20C32CA} = {5095D3E3-B1DA-46BC-834E-7B595A2E8DC6}
		{8E2F5B4E-B01B-4478-87BC-150B6574ADD5} = {B102DAAA-95F3-43A0-977C-7B14BED479C5}
	EndGlobalSection
	GlobalSection(ExtensibilityGlobals) = postSolution
		SolutionGuid = {E747281E-D20B-4C4D-9133-1958770925B0}
	EndGlobalSection
EndGlobal
